
Microsoft Visual Studio Solution File, Format Version 12.00
# Visual Studio Version 17
VisualStudioVersion = 17.7.34031.279
MinimumVisualStudioVersion = 10.0.40219.1
Project("{FAE04EC0-301F-11D3-BF4B-00C04F79EFBC}") = "BookJob", "BookJob\BookJob.csproj", "{696E0490-6B85-40D7-8440-18E293B54CB7}"
EndProject
Global
	GlobalSection(SolutionConfigurationPlatforms) = preSolution
		Debug|Any CPU = Debug|Any CPU
		Release|Any CPU = Release|Any CPU
	EndGlobalSection
	GlobalSection(ProjectConfigurationPlatforms) = postSolution
		{696E0490-6B85-40D7-8440-18E293B54CB7}.Debug|Any CPU.ActiveCfg = Debug|Any CPU
		{696E0490-6B85-40D7-8440-18E293B54CB7}.Debug|Any CPU.Build.0 = Debug|Any CPU
		{696E0490-6B85-40D7-8440-18E293B54CB7}.Release|Any CPU.ActiveCfg = Release|Any CPU
		{696E0490-6B85-40D7-8440-18E293B54CB7}.Release|Any CPU.Build.0 = Release|Any CPU
	EndGlobalSection
	GlobalSection(SolutionProperties) = preSolution
		HideSolutionNode = FALSE
	EndGlobalSection
	GlobalSection(ExtensibilityGlobals) = postSolution
		SolutionGuid = {727E55BA-7186-4FA2-AB00-F980AF2068FE}
	EndGlobalSection
EndGlobal
